// !$*UTF8*$!
{
	archiveVersion = 1;
	classes = {
	};
	objectVersion = 48;
	objects = {

/* Begin PBXBuildFile section */
		3A918BC51F61799C006D4D7A /* AppDelegate.swift in Sources */ = {isa = PBXBuildFile; fileRef = 3A918BC41F61799C006D4D7A /* AppDelegate.swift */; };
		3A918BC71F61799C006D4D7A /* ViewController.swift in Sources */ = {isa = PBXBuildFile; fileRef = 3A918BC61F61799C006D4D7A /* ViewController.swift */; };
		3A918BCA1F61799C006D4D7A /* Main.storyboard in Resources */ = {isa = PBXBuildFile; fileRef = 3A918BC81F61799C006D4D7A /* Main.storyboard */; };
		3A918BCC1F61799C006D4D7A /* Assets.xcassets in Resources */ = {isa = PBXBuildFile; fileRef = 3A918BCB1F61799C006D4D7A /* Assets.xcassets */; };
		3A918BCF1F61799C006D4D7A /* LaunchScreen.storyboard in Resources */ = {isa = PBXBuildFile; fileRef = 3A918BCD1F61799C006D4D7A /* LaunchScreen.storyboard */; };
		3A918BDA1F61799C006D4D7A /* AnimationsTests.swift in Sources */ = {isa = PBXBuildFile; fileRef = 3A918BD91F61799C006D4D7A /* AnimationsTests.swift */; };
		3A918BE51F61799C006D4D7A /* AnimationsUITests.swift in Sources */ = {isa = PBXBuildFile; fileRef = 3A918BE41F61799C006D4D7A /* AnimationsUITests.swift */; };
		3A918C6B1F6182BF006D4D7A /* frame_12.gif in Resources */ = {isa = PBXBuildFile; fileRef = 3A918C5A1F6182BD006D4D7A /* frame_12.gif */; };
		3A918C6C1F6182BF006D4D7A /* frame_16.gif in Resources */ = {isa = PBXBuildFile; fileRef = 3A918C5B1F6182BE006D4D7A /* frame_16.gif */; };
		3A918C6D1F6182BF006D4D7A /* frame_14.gif in Resources */ = {isa = PBXBuildFile; fileRef = 3A918C5C1F6182BE006D4D7A /* frame_14.gif */; };
		3A918C6E1F6182BF006D4D7A /* frame_05.gif in Resources */ = {isa = PBXBuildFile; fileRef = 3A918C5D1F6182BE006D4D7A /* frame_05.gif */; };
		3A918C6F1F6182BF006D4D7A /* frame_11.gif in Resources */ = {isa = PBXBuildFile; fileRef = 3A918C5E1F6182BE006D4D7A /* frame_11.gif */; };
		3A918C701F6182BF006D4D7A /* frame_04.gif in Resources */ = {isa = PBXBuildFile; fileRef = 3A918C5F1F6182BE006D4D7A /* frame_04.gif */; };
		3A918C711F6182BF006D4D7A /* frame_09.gif in Resources */ = {isa = PBXBuildFile; fileRef = 3A918C601F6182BE006D4D7A /* frame_09.gif */; };
		3A918C721F6182BF006D4D7A /* frame_10.gif in Resources */ = {isa = PBXBuildFile; fileRef = 3A918C611F6182BE006D4D7A /* frame_10.gif */; };
		3A918C731F6182BF006D4D7A /* frame_13.gif in Resources */ = {isa = PBXBuildFile; fileRef = 3A918C621F6182BE006D4D7A /* frame_13.gif */; };
		3A918C741F6182BF006D4D7A /* frame_00.gif in Resources */ = {isa = PBXBuildFile; fileRef = 3A918C631F6182BE006D4D7A /* frame_00.gif */; };
		3A918C751F6182BF006D4D7A /* frame_03.gif in Resources */ = {isa = PBXBuildFile; fileRef = 3A918C641F6182BE006D4D7A /* frame_03.gif */; };
		3A918C761F6182BF006D4D7A /* frame_07.gif in Resources */ = {isa = PBXBuildFile; fileRef = 3A918C651F6182BE006D4D7A /* frame_07.gif */; };
		3A918C771F6182BF006D4D7A /* frame_08.gif in Resources */ = {isa = PBXBuildFile; fileRef = 3A918C661F6182BF006D4D7A /* frame_08.gif */; };
		3A918C781F6182BF006D4D7A /* frame_02.gif in Resources */ = {isa = PBXBuildFile; fileRef = 3A918C671F6182BF006D4D7A /* frame_02.gif */; };
		3A918C791F6182BF006D4D7A /* frame_06.gif in Resources */ = {isa = PBXBuildFile; fileRef = 3A918C681F6182BF006D4D7A /* frame_06.gif */; };
		3A918C7A1F6182BF006D4D7A /* frame_01.gif in Resources */ = {isa = PBXBuildFile; fileRef = 3A918C691F6182BF006D4D7A /* frame_01.gif */; };
		3A918C7B1F6182BF006D4D7A /* frame_15.gif in Resources */ = {isa = PBXBuildFile; fileRef = 3A918C6A1F6182BF006D4D7A /* frame_15.gif */; };
/* End PBXBuildFile section */

/* Begin PBXContainerItemProxy section */
		3A918BD61F61799C006D4D7A /* PBXContainerItemProxy */ = {
			isa = PBXContainerItemProxy;
			containerPortal = 3A918BB91F61799C006D4D7A /* Project object */;
			proxyType = 1;
			remoteGlobalIDString = 3A918BC01F61799C006D4D7A;
			remoteInfo = Animations;
		};
		3A918BE11F61799C006D4D7A /* PBXContainerItemProxy */ = {
			isa = PBXContainerItemProxy;
			containerPortal = 3A918BB91F61799C006D4D7A /* Project object */;
			proxyType = 1;
			remoteGlobalIDString = 3A918BC01F61799C006D4D7A;
			remoteInfo = Animations;
		};
/* End PBXContainerItemProxy section */

/* Begin PBXFileReference section */
		3A918BC11F61799C006D4D7A /* Animations.app */ = {isa = PBXFileReference; explicitFileType = wrapper.application; includeInIndex = 0; path = Animations.app; sourceTree = BUILT_PRODUCTS_DIR; };
		3A918BC41F61799C006D4D7A /* AppDelegate.swift */ = {isa = PBXFileReference; lastKnownFileType = sourcecode.swift; path = AppDelegate.swift; sourceTree = "<group>"; };
		3A918BC61F61799C006D4D7A /* ViewController.swift */ = {isa = PBXFileReference; lastKnownFileType = sourcecode.swift; path = ViewController.swift; sourceTree = "<group>"; };
		3A918BC91F61799C006D4D7A /* Base */ = {isa = PBXFileReference; lastKnownFileType = file.storyboard; name = Base; path = Base.lproj/Main.storyboard; sourceTree = "<group>"; };
		3A918BCB1F61799C006D4D7A /* Assets.xcassets */ = {isa = PBXFileReference; lastKnownFileType = folder.assetcatalog; path = Assets.xcassets; sourceTree = "<group>"; };
		3A918BCE1F61799C006D4D7A /* Base */ = {isa = PBXFileReference; lastKnownFileType = file.storyboard; name = Base; path = Base.lproj/LaunchScreen.storyboard; sourceTree = "<group>"; };
		3A918BD01F61799C006D4D7A /* Info.plist */ = {isa = PBXFileReference; lastKnownFileType = text.plist.xml; path = Info.plist; sourceTree = "<group>"; };
		3A918BD51F61799C006D4D7A /* AnimationsTests.xctest */ = {isa = PBXFileReference; explicitFileType = wrapper.cfbundle; includeInIndex = 0; path = AnimationsTests.xctest; sourceTree = BUILT_PRODUCTS_DIR; };
		3A918BD91F61799C006D4D7A /* AnimationsTests.swift */ = {isa = PBXFileReference; lastKnownFileType = sourcecode.swift; path = AnimationsTests.swift; sourceTree = "<group>"; };
		3A918BDB1F61799C006D4D7A /* Info.plist */ = {isa = PBXFileReference; lastKnownFileType = text.plist.xml; path = Info.plist; sourceTree = "<group>"; };
		3A918BE01F61799C006D4D7A /* AnimationsUITests.xctest */ = {isa = PBXFileReference; explicitFileType = wrapper.cfbundle; includeInIndex = 0; path = AnimationsUITests.xctest; sourceTree = BUILT_PRODUCTS_DIR; };
		3A918BE41F61799C006D4D7A /* AnimationsUITests.swift */ = {isa = PBXFileReference; lastKnownFileType = sourcecode.swift; path = AnimationsUITests.swift; sourceTree = "<group>"; };
		3A918BE61F61799C006D4D7A /* Info.plist */ = {isa = PBXFileReference; lastKnownFileType = text.plist.xml; path = Info.plist; sourceTree = "<group>"; };
		3A918C5A1F6182BD006D4D7A /* frame_12.gif */ = {isa = PBXFileReference; lastKnownFileType = image.gif; path = frame_12.gif; sourceTree = "<group>"; };
		3A918C5B1F6182BE006D4D7A /* frame_16.gif */ = {isa = PBXFileReference; lastKnownFileType = image.gif; path = frame_16.gif; sourceTree = "<group>"; };
		3A918C5C1F6182BE006D4D7A /* frame_14.gif */ = {isa = PBXFileReference; lastKnownFileType = image.gif; path = frame_14.gif; sourceTree = "<group>"; };
		3A918C5D1F6182BE006D4D7A /* frame_05.gif */ = {isa = PBXFileReference; lastKnownFileType = image.gif; path = frame_05.gif; sourceTree = "<group>"; };
		3A918C5E1F6182BE006D4D7A /* frame_11.gif */ = {isa = PBXFileReference; lastKnownFileType = image.gif; path = frame_11.gif; sourceTree = "<group>"; };
		3A918C5F1F6182BE006D4D7A /* frame_04.gif */ = {isa = PBXFileReference; lastKnownFileType = image.gif; path = frame_04.gif; sourceTree = "<group>"; };
		3A918C601F6182BE006D4D7A /* frame_09.gif */ = {isa = PBXFileReference; lastKnownFileType = image.gif; path = frame_09.gif; sourceTree = "<group>"; };
		3A918C611F6182BE006D4D7A /* frame_10.gif */ = {isa = PBXFileReference; lastKnownFileType = image.gif; path = frame_10.gif; sourceTree = "<group>"; };
		3A918C621F6182BE006D4D7A /* frame_13.gif */ = {isa = PBXFileReference; lastKnownFileType = image.gif; path = frame_13.gif; sourceTree = "<group>"; };
		3A918C631F6182BE006D4D7A /* frame_00.gif */ = {isa = PBXFileReference; lastKnownFileType = image.gif; path = frame_00.gif; sourceTree = "<group>"; };
		3A918C641F6182BE006D4D7A /* frame_03.gif */ = {isa = PBXFileReference; lastKnownFileType = image.gif; path = frame_03.gif; sourceTree = "<group>"; };
		3A918C651F6182BE006D4D7A /* frame_07.gif */ = {isa = PBXFileReference; lastKnownFileType = image.gif; path = frame_07.gif; sourceTree = "<group>"; };
		3A918C661F6182BF006D4D7A /* frame_08.gif */ = {isa = PBXFileReference; lastKnownFileType = image.gif; path = frame_08.gif; sourceTree = "<group>"; };
		3A918C671F6182BF006D4D7A /* frame_02.gif */ = {isa = PBXFileReference; lastKnownFileType = image.gif; path = frame_02.gif; sourceTree = "<group>"; };
		3A918C681F6182BF006D4D7A /* frame_06.gif */ = {isa = PBXFileReference; lastKnownFileType = image.gif; path = frame_06.gif; sourceTree = "<group>"; };
		3A918C691F6182BF006D4D7A /* frame_01.gif */ = {isa = PBXFileReference; lastKnownFileType = image.gif; path = frame_01.gif; sourceTree = "<group>"; };
		3A918C6A1F6182BF006D4D7A /* frame_15.gif */ = {isa = PBXFileReference; lastKnownFileType = image.gif; path = frame_15.gif; sourceTree = "<group>"; };
/* End PBXFileReference section */

/* Begin PBXFrameworksBuildPhase section */
		3A918BBE1F61799C006D4D7A /* Frameworks */ = {
			isa = PBXFrameworksBuildPhase;
			buildActionMask = 2147483647;
			files = (
			);
			runOnlyForDeploymentPostprocessing = 0;
		};
		3A918BD21F61799C006D4D7A /* Frameworks */ = {
			isa = PBXFrameworksBuildPhase;
			buildActionMask = 2147483647;
			files = (
			);
			runOnlyForDeploymentPostprocessing = 0;
		};
		3A918BDD1F61799C006D4D7A /* Frameworks */ = {
			isa = PBXFrameworksBuildPhase;
			buildActionMask = 2147483647;
			files = (
			);
			runOnlyForDeploymentPostprocessing = 0;
		};
/* End PBXFrameworksBuildPhase section */

/* Begin PBXGroup section */
		3A918BB81F61799C006D4D7A = {
			isa = PBXGroup;
			children = (
				3A918BC31F61799C006D4D7A /* Animations */,
				3A918BD81F61799C006D4D7A /* AnimationsTests */,
				3A918BE31F61799C006D4D7A /* AnimationsUITests */,
				3A918BC21F61799C006D4D7A /* Products */,
			);
			sourceTree = "<group>";
		};
		3A918BC21F61799C006D4D7A /* Products */ = {
			isa = PBXGroup;
			children = (
				3A918BC11F61799C006D4D7A /* Animations.app */,
				3A918BD51F61799C006D4D7A /* AnimationsTests.xctest */,
				3A918BE01F61799C006D4D7A /* AnimationsUITests.xctest */,
			);
			name = Products;
			sourceTree = "<group>";
		};
		3A918BC31F61799C006D4D7A /* Animations */ = {
			isa = PBXGroup;
			children = (
				3A918C631F6182BE006D4D7A /* frame_00.gif */,
				3A918C691F6182BF006D4D7A /* frame_01.gif */,
				3A918C671F6182BF006D4D7A /* frame_02.gif */,
				3A918C641F6182BE006D4D7A /* frame_03.gif */,
				3A918C5F1F6182BE006D4D7A /* frame_04.gif */,
				3A918C5D1F6182BE006D4D7A /* frame_05.gif */,
				3A918C681F6182BF006D4D7A /* frame_06.gif */,
				3A918C651F6182BE006D4D7A /* frame_07.gif */,
				3A918C661F6182BF006D4D7A /* frame_08.gif */,
				3A918C601F6182BE006D4D7A /* frame_09.gif */,
				3A918C611F6182BE006D4D7A /* frame_10.gif */,
				3A918C5E1F6182BE006D4D7A /* frame_11.gif */,
				3A918C5A1F6182BD006D4D7A /* frame_12.gif */,
				3A918C621F6182BE006D4D7A /* frame_13.gif */,
				3A918C5C1F6182BE006D4D7A /* frame_14.gif */,
				3A918C6A1F6182BF006D4D7A /* frame_15.gif */,
				3A918C5B1F6182BE006D4D7A /* frame_16.gif */,
				3A918BC41F61799C006D4D7A /* AppDelegate.swift */,
				3A918BC61F61799C006D4D7A /* ViewController.swift */,
				3A918BC81F61799C006D4D7A /* Main.storyboard */,
				3A918BCB1F61799C006D4D7A /* Assets.xcassets */,
				3A918BCD1F61799C006D4D7A /* LaunchScreen.storyboard */,
				3A918BD01F61799C006D4D7A /* Info.plist */,
			);
			path = Animations;
			sourceTree = "<group>";
		};
		3A918BD81F61799C006D4D7A /* AnimationsTests */ = {
			isa = PBXGroup;
			children = (
				3A918BD91F61799C006D4D7A /* AnimationsTests.swift */,
				3A918BDB1F61799C006D4D7A /* Info.plist */,
			);
			path = AnimationsTests;
			sourceTree = "<group>";
		};
		3A918BE31F61799C006D4D7A /* AnimationsUITests */ = {
			isa = PBXGroup;
			children = (
				3A918BE41F61799C006D4D7A /* AnimationsUITests.swift */,
				3A918BE61F61799C006D4D7A /* Info.plist */,
			);
			path = AnimationsUITests;
			sourceTree = "<group>";
		};
/* End PBXGroup section */

/* Begin PBXNativeTarget section */
		3A918BC01F61799C006D4D7A /* Animations */ = {
			isa = PBXNativeTarget;
			buildConfigurationList = 3A918BE91F61799C006D4D7A /* Build configuration list for PBXNativeTarget "Animations" */;
			buildPhases = (
				3A918BBD1F61799C006D4D7A /* Sources */,
				3A918BBE1F61799C006D4D7A /* Frameworks */,
				3A918BBF1F61799C006D4D7A /* Resources */,
			);
			buildRules = (
			);
			dependencies = (
			);
			name = Animations;
			productName = Animations;
			productReference = 3A918BC11F61799C006D4D7A /* Animations.app */;
			productType = "com.apple.product-type.application";
		};
		3A918BD41F61799C006D4D7A /* AnimationsTests */ = {
			isa = PBXNativeTarget;
			buildConfigurationList = 3A918BEC1F61799C006D4D7A /* Build configuration list for PBXNativeTarget "AnimationsTests" */;
			buildPhases = (
				3A918BD11F61799C006D4D7A /* Sources */,
				3A918BD21F61799C006D4D7A /* Frameworks */,
				3A918BD31F61799C006D4D7A /* Resources */,
			);
			buildRules = (
			);
			dependencies = (
				3A918BD71F61799C006D4D7A /* PBXTargetDependency */,
			);
			name = AnimationsTests;
			productName = AnimationsTests;
			productReference = 3A918BD51F61799C006D4D7A /* AnimationsTests.xctest */;
			productType = "com.apple.product-type.bundle.unit-test";
		};
		3A918BDF1F61799C006D4D7A /* AnimationsUITests */ = {
			isa = PBXNativeTarget;
			buildConfigurationList = 3A918BEF1F61799C006D4D7A /* Build configuration list for PBXNativeTarget "AnimationsUITests" */;
			buildPhases = (
				3A918BDC1F61799C006D4D7A /* Sources */,
				3A918BDD1F61799C006D4D7A /* Frameworks */,
				3A918BDE1F61799C006D4D7A /* Resources */,
			);
			buildRules = (
			);
			dependencies = (
				3A918BE21F61799C006D4D7A /* PBXTargetDependency */,
			);
			name = AnimationsUITests;
			productName = AnimationsUITests;
			productReference = 3A918BE01F61799C006D4D7A /* AnimationsUITests.xctest */;
			productType = "com.apple.product-type.bundle.ui-testing";
		};
/* End PBXNativeTarget section */

/* Begin PBXProject section */
		3A918BB91F61799C006D4D7A /* Project object */ = {
			isa = PBXProject;
			attributes = {
				LastSwiftUpdateCheck = 0900;
				LastUpgradeCheck = 0900;
				ORGANIZATIONNAME = "Cory Dorning";
				TargetAttributes = {
					3A918BC01F61799C006D4D7A = {
						CreatedOnToolsVersion = 9.0;
						ProvisioningStyle = Automatic;
					};
					3A918BD41F61799C006D4D7A = {
						CreatedOnToolsVersion = 9.0;
						ProvisioningStyle = Automatic;
						TestTargetID = 3A918BC01F61799C006D4D7A;
					};
					3A918BDF1F61799C006D4D7A = {
						CreatedOnToolsVersion = 9.0;
						ProvisioningStyle = Automatic;
						TestTargetID = 3A918BC01F61799C006D4D7A;
					};
				};
			};
			buildConfigurationList = 3A918BBC1F61799C006D4D7A /* Build configuration list for PBXProject "Animations" */;
			compatibilityVersion = "Xcode 8.0";
			developmentRegion = en;
			hasScannedForEncodings = 0;
			knownRegions = (
				en,
				Base,
			);
			mainGroup = 3A918BB81F61799C006D4D7A;
			productRefGroup = 3A918BC21F61799C006D4D7A /* Products */;
			projectDirPath = "";
			projectRoot = "";
			targets = (
				3A918BC01F61799C006D4D7A /* Animations */,
				3A918BD41F61799C006D4D7A /* AnimationsTests */,
				3A918BDF1F61799C006D4D7A /* AnimationsUITests */,
			);
		};
/* End PBXProject section */

/* Begin PBXResourcesBuildPhase section */
		3A918BBF1F61799C006D4D7A /* Resources */ = {
			isa = PBXResourcesBuildPhase;
			buildActionMask = 2147483647;
			files = (
				3A918BCF1F61799C006D4D7A /* LaunchScreen.storyboard in Resources */,
				3A918C6B1F6182BF006D4D7A /* frame_12.gif in Resources */,
				3A918C771F6182BF006D4D7A /* frame_08.gif in Resources */,
				3A918C721F6182BF006D4D7A /* frame_10.gif in Resources */,
				3A918C761F6182BF006D4D7A /* frame_07.gif in Resources */,
				3A918BCC1F61799C006D4D7A /* Assets.xcassets in Resources */,
				3A918C711F6182BF006D4D7A /* frame_09.gif in Resources */,
				3A918C701F6182BF006D4D7A /* frame_04.gif in Resources */,
				3A918C7B1F6182BF006D4D7A /* frame_15.gif in Resources */,
				3A918C741F6182BF006D4D7A /* frame_00.gif in Resources */,
				3A918C731F6182BF006D4D7A /* frame_13.gif in Resources */,
				3A918C6E1F6182BF006D4D7A /* frame_05.gif in Resources */,
				3A918C6F1F6182BF006D4D7A /* frame_11.gif in Resources */,
				3A918C791F6182BF006D4D7A /* frame_06.gif in Resources */,
				3A918C7A1F6182BF006D4D7A /* frame_01.gif in Resources */,
				3A918C6D1F6182BF006D4D7A /* frame_14.gif in Resources */,
				3A918C781F6182BF006D4D7A /* frame_02.gif in Resources */,
				3A918C751F6182BF006D4D7A /* frame_03.gif in Resources */,
				3A918C6C1F6182BF006D4D7A /* frame_16.gif in Resources */,
				3A918BCA1F61799C006D4D7A /* Main.storyboard in Resources */,
			);
			runOnlyForDeploymentPostprocessing = 0;
		};
		3A918BD31F61799C006D4D7A /* Resources */ = {
			isa = PBXResourcesBuildPhase;
			buildActionMask = 2147483647;
			files = (
			);
			runOnlyForDeploymentPostprocessing = 0;
		};
		3A918BDE1F61799C006D4D7A /* Resources */ = {
			isa = PBXResourcesBuildPhase;
			buildActionMask = 2147483647;
			files = (
			);
			runOnlyForDeploymentPostprocessing = 0;
		};
/* End PBXResourcesBuildPhase section */

/* Begin PBXSourcesBuildPhase section */
		3A918BBD1F61799C006D4D7A /* Sources */ = {
			isa = PBXSourcesBuildPhase;
			buildActionMask = 2147483647;
			files = (
				3A918BC71F61799C006D4D7A /* ViewController.swift in Sources */,
				3A918BC51F61799C006D4D7A /* AppDelegate.swift in Sources */,
			);
			runOnlyForDeploymentPostprocessing = 0;
		};
		3A918BD11F61799C006D4D7A /* Sources */ = {
			isa = PBXSourcesBuildPhase;
			buildActionMask = 2147483647;
			files = (
				3A918BDA1F61799C006D4D7A /* AnimationsTests.swift in Sources */,
			);
			runOnlyForDeploymentPostprocessing = 0;
		};
		3A918BDC1F61799C006D4D7A /* Sources */ = {
			isa = PBXSourcesBuildPhase;
			buildActionMask = 2147483647;
			files = (
				3A918BE51F61799C006D4D7A /* AnimationsUITests.swift in Sources */,
			);
			runOnlyForDeploymentPostprocessing = 0;
		};
/* End PBXSourcesBuildPhase section */

/* Begin PBXTargetDependency section */
		3A918BD71F61799C006D4D7A /* PBXTargetDependency */ = {
			isa = PBXTargetDependency;
			target = 3A918BC01F61799C006D4D7A /* Animations */;
			targetProxy = 3A918BD61F61799C006D4D7A /* PBXContainerItemProxy */;
		};
		3A918BE21F61799C006D4D7A /* PBXTargetDependency */ = {
			isa = PBXTargetDependency;
			target = 3A918BC01F61799C006D4D7A /* Animations */;
			targetProxy = 3A918BE11F61799C006D4D7A /* PBXContainerItemProxy */;
		};
/* End PBXTargetDependency section */

/* Begin PBXVariantGroup section */
		3A918BC81F61799C006D4D7A /* Main.storyboard */ = {
			isa = PBXVariantGroup;
			children = (
				3A918BC91F61799C006D4D7A /* Base */,
			);
			name = Main.storyboard;
			sourceTree = "<group>";
		};
		3A918BCD1F61799C006D4D7A /* LaunchScreen.storyboard */ = {
			isa = PBXVariantGroup;
			children = (
				3A918BCE1F61799C006D4D7A /* Base */,
			);
			name = LaunchScreen.storyboard;
			sourceTree = "<group>";
		};
/* End PBXVariantGroup section */

/* Begin XCBuildConfiguration section */
		3A918BE71F61799C006D4D7A /* Debug */ = {
			isa = XCBuildConfiguration;
			buildSettings = {
				ALWAYS_SEARCH_USER_PATHS = NO;
				CLANG_ANALYZER_NONNULL = YES;
				CLANG_ANALYZER_NUMBER_OBJECT_CONVERSION = YES_AGGRESSIVE;
				CLANG_CXX_LANGUAGE_STANDARD = "gnu++14";
				CLANG_CXX_LIBRARY = "libc++";
				CLANG_ENABLE_MODULES = YES;
				CLANG_ENABLE_OBJC_ARC = YES;
				CLANG_WARN_BLOCK_CAPTURE_AUTORELEASING = YES;
				CLANG_WARN_BOOL_CONVERSION = YES;
				CLANG_WARN_COMMA = YES;
				CLANG_WARN_CONSTANT_CONVERSION = YES;
				CLANG_WARN_DIRECT_OBJC_ISA_USAGE = YES_ERROR;
				CLANG_WARN_DOCUMENTATION_COMMENTS = YES;
				CLANG_WARN_EMPTY_BODY = YES;
				CLANG_WARN_ENUM_CONVERSION = YES;
				CLANG_WARN_INFINITE_RECURSION = YES;
				CLANG_WARN_INT_CONVERSION = YES;
				CLANG_WARN_NON_LITERAL_NULL_CONVERSION = YES;
				CLANG_WARN_OBJC_LITERAL_CONVERSION = YES;
				CLANG_WARN_OBJC_ROOT_CLASS = YES_ERROR;
				CLANG_WARN_RANGE_LOOP_ANALYSIS = YES;
				CLANG_WARN_STRICT_PROTOTYPES = YES;
				CLANG_WARN_SUSPICIOUS_MOVE = YES;
				CLANG_WARN_UNGUARDED_AVAILABILITY = YES_AGGRESSIVE;
				CLANG_WARN_UNREACHABLE_CODE = YES;
				CLANG_WARN__DUPLICATE_METHOD_MATCH = YES;
				CODE_SIGN_IDENTITY = "iPhone Developer";
				COPY_PHASE_STRIP = NO;
				DEBUG_INFORMATION_FORMAT = dwarf;
				ENABLE_STRICT_OBJC_MSGSEND = YES;
				ENABLE_TESTABILITY = YES;
				GCC_C_LANGUAGE_STANDARD = gnu11;
				GCC_DYNAMIC_NO_PIC = NO;
				GCC_NO_COMMON_BLOCKS = YES;
				GCC_OPTIMIZATION_LEVEL = 0;
				GCC_PREPROCESSOR_DEFINITIONS = (
					"DEBUG=1",
					"$(inherited)",
				);
				GCC_WARN_64_TO_32_BIT_CONVERSION = YES;
				GCC_WARN_ABOUT_RETURN_TYPE = YES_ERROR;
				GCC_WARN_UNDECLARED_SELECTOR = YES;
				GCC_WARN_UNINITIALIZED_AUTOS = YES_AGGRESSIVE;
				GCC_WARN_UNUSED_FUNCTION = YES;
				GCC_WARN_UNUSED_VARIABLE = YES;
				IPHONEOS_DEPLOYMENT_TARGET = 11.0;
				MTL_ENABLE_DEBUG_INFO = YES;
				ONLY_ACTIVE_ARCH = YES;
				SDKROOT = iphoneos;
				SWIFT_ACTIVE_COMPILATION_CONDITIONS = DEBUG;
				SWIFT_OPTIMIZATION_LEVEL = "-Onone";
			};
			name = Debug;
		};
		3A918BE81F61799C006D4D7A /* Release */ = {
			isa = XCBuildConfiguration;
			buildSettings = {
				ALWAYS_SEARCH_USER_PATHS = NO;
				CLANG_ANALYZER_NONNULL = YES;
				CLANG_ANALYZER_NUMBER_OBJECT_CONVERSION = YES_AGGRESSIVE;
				CLANG_CXX_LANGUAGE_STANDARD = "gnu++14";
				CLANG_CXX_LIBRARY = "libc++";
				CLANG_ENABLE_MODULES = YES;
				CLANG_ENABLE_OBJC_ARC = YES;
				CLANG_WARN_BLOCK_CAPTURE_AUTORELEASING = YES;
				CLANG_WARN_BOOL_CONVERSION = YES;
				CLANG_WARN_COMMA = YES;
				CLANG_WARN_CONSTANT_CONVERSION = YES;
				CLANG_WARN_DIRECT_OBJC_ISA_USAGE = YES_ERROR;
				CLANG_WARN_DOCUMENTATION_COMMENTS = YES;
				CLANG_WARN_EMPTY_BODY = YES;
				CLANG_WARN_ENUM_CONVERSION = YES;
				CLANG_WARN_INFINITE_RECURSION = YES;
				CLANG_WARN_INT_CONVERSION = YES;
				CLANG_WARN_NON_LITERAL_NULL_CONVERSION = YES;
				CLANG_WARN_OBJC_LITERAL_CONVERSION = YES;
				CLANG_WARN_OBJC_ROOT_CLASS = YES_ERROR;
				CLANG_WARN_RANGE_LOOP_ANALYSIS = YES;
				CLANG_WARN_STRICT_PROTOTYPES = YES;
				CLANG_WARN_SUSPICIOUS_MOVE = YES;
				CLANG_WARN_UNGUARDED_AVAILABILITY = YES_AGGRESSIVE;
				CLANG_WARN_UNREACHABLE_CODE = YES;
				CLANG_WARN__DUPLICATE_METHOD_MATCH = YES;
				CODE_SIGN_IDENTITY = "iPhone Developer";
				COPY_PHASE_STRIP = NO;
				DEBUG_INFORMATION_FORMAT = "dwarf-with-dsym";
				ENABLE_NS_ASSERTIONS = NO;
				ENABLE_STRICT_OBJC_MSGSEND = YES;
				GCC_C_LANGUAGE_STANDARD = gnu11;
				GCC_NO_COMMON_BLOCKS = YES;
				GCC_WARN_64_TO_32_BIT_CONVERSION = YES;
				GCC_WARN_ABOUT_RETURN_TYPE = YES_ERROR;
				GCC_WARN_UNDECLARED_SELECTOR = YES;
				GCC_WARN_UNINITIALIZED_AUTOS = YES_AGGRESSIVE;
				GCC_WARN_UNUSED_FUNCTION = YES;
				GCC_WARN_UNUSED_VARIABLE = YES;
				IPHONEOS_DEPLOYMENT_TARGET = 11.0;
				MTL_ENABLE_DEBUG_INFO = NO;
				SDKROOT = iphoneos;
				SWIFT_OPTIMIZATION_LEVEL = "-Owholemodule";
				VALIDATE_PRODUCT = YES;
			};
			name = Release;
		};
		3A918BEA1F61799C006D4D7A /* Debug */ = {
			isa = XCBuildConfiguration;
			buildSettings = {
				ASSETCATALOG_COMPILER_APPICON_NAME = AppIcon;
				CODE_SIGN_STYLE = Automatic;
				INFOPLIST_FILE = Animations/Info.plist;
				LD_RUNPATH_SEARCH_PATHS = "$(inherited) @executable_path/Frameworks";
				PRODUCT_BUNDLE_IDENTIFIER = me.dorning.Animations;
				PRODUCT_NAME = "$(TARGET_NAME)";
				SWIFT_VERSION = 4.0;
				TARGETED_DEVICE_FAMILY = "1,2";
			};
			name = Debug;
		};
		3A918BEB1F61799C006D4D7A /* Release */ = {
			isa = XCBuildConfiguration;
			buildSettings = {
				ASSETCATALOG_COMPILER_APPICON_NAME = AppIcon;
				CODE_SIGN_STYLE = Automatic;
				INFOPLIST_FILE = Animations/Info.plist;
				LD_RUNPATH_SEARCH_PATHS = "$(inherited) @executable_path/Frameworks";
				PRODUCT_BUNDLE_IDENTIFIER = me.dorning.Animations;
				PRODUCT_NAME = "$(TARGET_NAME)";
				SWIFT_VERSION = 4.0;
				TARGETED_DEVICE_FAMILY = "1,2";
			};
			name = Release;
		};
		3A918BED1F61799C006D4D7A /* Debug */ = {
			isa = XCBuildConfiguration;
			buildSettings = {
				ALWAYS_EMBED_SWIFT_STANDARD_LIBRARIES = YES;
				BUNDLE_LOADER = "$(TEST_HOST)";
				CODE_SIGN_STYLE = Automatic;
				INFOPLIST_FILE = AnimationsTests/Info.plist;
				LD_RUNPATH_SEARCH_PATHS = "$(inherited) @executable_path/Frameworks @loader_path/Frameworks";
				PRODUCT_BUNDLE_IDENTIFIER = me.dorning.AnimationsTests;
				PRODUCT_NAME = "$(TARGET_NAME)";
				SWIFT_VERSION = 4.0;
				TARGETED_DEVICE_FAMILY = "1,2";
				TEST_HOST = "$(BUILT_PRODUCTS_DIR)/Animations.app/Animations";
			};
			name = Debug;
		};
		3A918BEE1F61799C006D4D7A /* Release */ = {
			isa = XCBuildConfiguration;
			buildSettings = {
				ALWAYS_EMBED_SWIFT_STANDARD_LIBRARIES = YES;
				BUNDLE_LOADER = "$(TEST_HOST)";
				CODE_SIGN_STYLE = Automatic;
				INFOPLIST_FILE = AnimationsTests/Info.plist;
				LD_RUNPATH_SEARCH_PATHS = "$(inherited) @executable_path/Frameworks @loader_path/Frameworks";
				PRODUCT_BUNDLE_IDENTIFIER = me.dorning.AnimationsTests;
				PRODUCT_NAME = "$(TARGET_NAME)";
				SWIFT_VERSION = 4.0;
				TARGETED_DEVICE_FAMILY = "1,2";
				TEST_HOST = "$(BUILT_PRODUCTS_DIR)/Animations.app/Animations";
			};
			name = Release;
		};
		3A918BF01F61799C006D4D7A /* Debug */ = {
			isa = XCBuildConfiguration;
			buildSettings = {
				ALWAYS_EMBED_SWIFT_STANDARD_LIBRARIES = YES;
				CODE_SIGN_STYLE = Automatic;
				INFOPLIST_FILE = AnimationsUITests/Info.plist;
				LD_RUNPATH_SEARCH_PATHS = "$(inherited) @executable_path/Frameworks @loader_path/Frameworks";
				PRODUCT_BUNDLE_IDENTIFIER = me.dorning.AnimationsUITests;
				PRODUCT_NAME = "$(TARGET_NAME)";
				SWIFT_VERSION = 4.0;
				TARGETED_DEVICE_FAMILY = "1,2";
				TEST_TARGET_NAME = Animations;
			};
			name = Debug;
		};
		3A918BF11F61799C006D4D7A /* Release */ = {
			isa = XCBuildConfiguration;
			buildSettings = {
				ALWAYS_EMBED_SWIFT_STANDARD_LIBRARIES = YES;
				CODE_SIGN_STYLE = Automatic;
				INFOPLIST_FILE = AnimationsUITests/Info.plist;
				LD_RUNPATH_SEARCH_PATHS = "$(inherited) @executable_path/Frameworks @loader_path/Frameworks";
				PRODUCT_BUNDLE_IDENTIFIER = me.dorning.AnimationsUITests;
				PRODUCT_NAME = "$(TARGET_NAME)";
				SWIFT_VERSION = 4.0;
				TARGETED_DEVICE_FAMILY = "1,2";
				TEST_TARGET_NAME = Animations;
			};
			name = Release;
		};
/* End XCBuildConfiguration section */

/* Begin XCConfigurationList section */
		3A918BBC1F61799C006D4D7A /* Build configuration list for PBXProject "Animations" */ = {
			isa = XCConfigurationList;
			buildConfigurations = (
				3A918BE71F61799C006D4D7A /* Debug */,
				3A918BE81F61799C006D4D7A /* Release */,
			);
			defaultConfigurationIsVisible = 0;
			defaultConfigurationName = Release;
		};
		3A918BE91F61799C006D4D7A /* Build configuration list for PBXNativeTarget "Animations" */ = {
			isa = XCConfigurationList;
			buildConfigurations = (
				3A918BEA1F61799C006D4D7A /* Debug */,
				3A918BEB1F61799C006D4D7A /* Release */,
			);
			defaultConfigurationIsVisible = 0;
			defaultConfigurationName = Release;
		};
		3A918BEC1F61799C006D4D7A /* Build configuration list for PBXNativeTarget "AnimationsTests" */ = {
			isa = XCConfigurationList;
			buildConfigurations = (
				3A918BED1F61799C006D4D7A /* Debug */,
				3A918BEE1F61799C006D4D7A /* Release */,
			);
			defaultConfigurationIsVisible = 0;
			defaultConfigurationName = Release;
		};
		3A918BEF1F61799C006D4D7A /* Build configuration list for PBXNativeTarget "AnimationsUITests" */ = {
			isa = XCConfigurationList;
			buildConfigurations = (
				3A918BF01F61799C006D4D7A /* Debug */,
				3A918BF11F61799C006D4D7A /* Release */,
			);
			defaultConfigurationIsVisible = 0;
			defaultConfigurationName = Release;
		};
/* End XCConfigurationList section */
	};
	rootObject = 3A918BB91F61799C006D4D7A /* Project object */;
}
