// !$*UTF8*$!
{
	archiveVersion = 1;
	classes = {
	};
	objectVersion = 48;
	objects = {

/* Begin PBXBuildFile section */
		3AAB89AF1F573DAE006EC50D /* AppDelegate.swift in Sources */ = {isa = PBXBuildFile; fileRef = 3AAB89AE1F573DAE006EC50D /* AppDelegate.swift */; };
		3AAB89B11F573DAE006EC50D /* ViewController.swift in Sources */ = {isa = PBXBuildFile; fileRef = 3AAB89B01F573DAE006EC50D /* ViewController.swift */; };
		3AAB89B41F573DAE006EC50D /* Main.storyboard in Resources */ = {isa = PBXBuildFile; fileRef = 3AAB89B21F573DAE006EC50D /* Main.storyboard */; };
		3AAB89B61F573DAE006EC50D /* Assets.xcassets in Resources */ = {isa = PBXBuildFile; fileRef = 3AAB89B51F573DAE006EC50D /* Assets.xcassets */; };
		3AAB89B91F573DAE006EC50D /* LaunchScreen.storyboard in Resources */ = {isa = PBXBuildFile; fileRef = 3AAB89B71F573DAE006EC50D /* LaunchScreen.storyboard */; };
		3AAB89C41F573DAE006EC50D /* Save_Phone_NumberTests.swift in Sources */ = {isa = PBXBuildFile; fileRef = 3AAB89C31F573DAE006EC50D /* Save_Phone_NumberTests.swift */; };
		3AAB89CF1F573DAE006EC50D /* Save_Phone_NumberUITests.swift in Sources */ = {isa = PBXBuildFile; fileRef = 3AAB89CE1F573DAE006EC50D /* Save_Phone_NumberUITests.swift */; };
/* End PBXBuildFile section */

/* Begin PBXContainerItemProxy section */
		3AAB89C01F573DAE006EC50D /* PBXContainerItemProxy */ = {
			isa = PBXContainerItemProxy;
			containerPortal = 3AAB89A31F573DAE006EC50D /* Project object */;
			proxyType = 1;
			remoteGlobalIDString = 3AAB89AA1F573DAE006EC50D;
			remoteInfo = "Save Phone Number";
		};
		3AAB89CB1F573DAE006EC50D /* PBXContainerItemProxy */ = {
			isa = PBXContainerItemProxy;
			containerPortal = 3AAB89A31F573DAE006EC50D /* Project object */;
			proxyType = 1;
			remoteGlobalIDString = 3AAB89AA1F573DAE006EC50D;
			remoteInfo = "Save Phone Number";
		};
/* End PBXContainerItemProxy section */

/* Begin PBXFileReference section */
		3AAB89AB1F573DAE006EC50D /* Save Phone Number.app */ = {isa = PBXFileReference; explicitFileType = wrapper.application; includeInIndex = 0; path = "Save Phone Number.app"; sourceTree = BUILT_PRODUCTS_DIR; };
		3AAB89AE1F573DAE006EC50D /* AppDelegate.swift */ = {isa = PBXFileReference; lastKnownFileType = sourcecode.swift; path = AppDelegate.swift; sourceTree = "<group>"; };
		3AAB89B01F573DAE006EC50D /* ViewController.swift */ = {isa = PBXFileReference; lastKnownFileType = sourcecode.swift; path = ViewController.swift; sourceTree = "<group>"; };
		3AAB89B31F573DAE006EC50D /* Base */ = {isa = PBXFileReference; lastKnownFileType = file.storyboard; name = Base; path = Base.lproj/Main.storyboard; sourceTree = "<group>"; };
		3AAB89B51F573DAE006EC50D /* Assets.xcassets */ = {isa = PBXFileReference; lastKnownFileType = folder.assetcatalog; path = Assets.xcassets; sourceTree = "<group>"; };
		3AAB89B81F573DAE006EC50D /* Base */ = {isa = PBXFileReference; lastKnownFileType = file.storyboard; name = Base; path = Base.lproj/LaunchScreen.storyboard; sourceTree = "<group>"; };
		3AAB89BA1F573DAE006EC50D /* Info.plist */ = {isa = PBXFileReference; lastKnownFileType = text.plist.xml; path = Info.plist; sourceTree = "<group>"; };
		3AAB89BF1F573DAE006EC50D /* Save Phone NumberTests.xctest */ = {isa = PBXFileReference; explicitFileType = wrapper.cfbundle; includeInIndex = 0; path = "Save Phone NumberTests.xctest"; sourceTree = BUILT_PRODUCTS_DIR; };
		3AAB89C31F573DAE006EC50D /* Save_Phone_NumberTests.swift */ = {isa = PBXFileReference; lastKnownFileType = sourcecode.swift; path = Save_Phone_NumberTests.swift; sourceTree = "<group>"; };
		3AAB89C51F573DAE006EC50D /* Info.plist */ = {isa = PBXFileReference; lastKnownFileType = text.plist.xml; path = Info.plist; sourceTree = "<group>"; };
		3AAB89CA1F573DAE006EC50D /* Save Phone NumberUITests.xctest */ = {isa = PBXFileReference; explicitFileType = wrapper.cfbundle; includeInIndex = 0; path = "Save Phone NumberUITests.xctest"; sourceTree = BUILT_PRODUCTS_DIR; };
		3AAB89CE1F573DAE006EC50D /* Save_Phone_NumberUITests.swift */ = {isa = PBXFileReference; lastKnownFileType = sourcecode.swift; path = Save_Phone_NumberUITests.swift; sourceTree = "<group>"; };
		3AAB89D01F573DAE006EC50D /* Info.plist */ = {isa = PBXFileReference; lastKnownFileType = text.plist.xml; path = Info.plist; sourceTree = "<group>"; };
/* End PBXFileReference section */

/* Begin PBXFrameworksBuildPhase section */
		3AAB89A81F573DAE006EC50D /* Frameworks */ = {
			isa = PBXFrameworksBuildPhase;
			buildActionMask = 2147483647;
			files = (
			);
			runOnlyForDeploymentPostprocessing = 0;
		};
		3AAB89BC1F573DAE006EC50D /* Frameworks */ = {
			isa = PBXFrameworksBuildPhase;
			buildActionMask = 2147483647;
			files = (
			);
			runOnlyForDeploymentPostprocessing = 0;
		};
		3AAB89C71F573DAE006EC50D /* Frameworks */ = {
			isa = PBXFrameworksBuildPhase;
			buildActionMask = 2147483647;
			files = (
			);
			runOnlyForDeploymentPostprocessing = 0;
		};
/* End PBXFrameworksBuildPhase section */

/* Begin PBXGroup section */
		3AAB89A21F573DAE006EC50D = {
			isa = PBXGroup;
			children = (
				3AAB89AD1F573DAE006EC50D /* Save Phone Number */,
				3AAB89C21F573DAE006EC50D /* Save Phone NumberTests */,
				3AAB89CD1F573DAE006EC50D /* Save Phone NumberUITests */,
				3AAB89AC1F573DAE006EC50D /* Products */,
			);
			sourceTree = "<group>";
		};
		3AAB89AC1F573DAE006EC50D /* Products */ = {
			isa = PBXGroup;
			children = (
				3AAB89AB1F573DAE006EC50D /* Save Phone Number.app */,
				3AAB89BF1F573DAE006EC50D /* Save Phone NumberTests.xctest */,
				3AAB89CA1F573DAE006EC50D /* Save Phone NumberUITests.xctest */,
			);
			name = Products;
			sourceTree = "<group>";
		};
		3AAB89AD1F573DAE006EC50D /* Save Phone Number */ = {
			isa = PBXGroup;
			children = (
				3AAB89AE1F573DAE006EC50D /* AppDelegate.swift */,
				3AAB89B01F573DAE006EC50D /* ViewController.swift */,
				3AAB89B21F573DAE006EC50D /* Main.storyboard */,
				3AAB89B51F573DAE006EC50D /* Assets.xcassets */,
				3AAB89B71F573DAE006EC50D /* LaunchScreen.storyboard */,
				3AAB89BA1F573DAE006EC50D /* Info.plist */,
			);
			path = "Save Phone Number";
			sourceTree = "<group>";
		};
		3AAB89C21F573DAE006EC50D /* Save Phone NumberTests */ = {
			isa = PBXGroup;
			children = (
				3AAB89C31F573DAE006EC50D /* Save_Phone_NumberTests.swift */,
				3AAB89C51F573DAE006EC50D /* Info.plist */,
			);
			path = "Save Phone NumberTests";
			sourceTree = "<group>";
		};
		3AAB89CD1F573DAE006EC50D /* Save Phone NumberUITests */ = {
			isa = PBXGroup;
			children = (
				3AAB89CE1F573DAE006EC50D /* Save_Phone_NumberUITests.swift */,
				3AAB89D01F573DAE006EC50D /* Info.plist */,
			);
			path = "Save Phone NumberUITests";
			sourceTree = "<group>";
		};
/* End PBXGroup section */

/* Begin PBXNativeTarget section */
		3AAB89AA1F573DAE006EC50D /* Save Phone Number */ = {
			isa = PBXNativeTarget;
			buildConfigurationList = 3AAB89D31F573DAE006EC50D /* Build configuration list for PBXNativeTarget "Save Phone Number" */;
			buildPhases = (
				3AAB89A71F573DAE006EC50D /* Sources */,
				3AAB89A81F573DAE006EC50D /* Frameworks */,
				3AAB89A91F573DAE006EC50D /* Resources */,
			);
			buildRules = (
			);
			dependencies = (
			);
			name = "Save Phone Number";
			productName = "Save Phone Number";
			productReference = 3AAB89AB1F573DAE006EC50D /* Save Phone Number.app */;
			productType = "com.apple.product-type.application";
		};
		3AAB89BE1F573DAE006EC50D /* Save Phone NumberTests */ = {
			isa = PBXNativeTarget;
			buildConfigurationList = 3AAB89D61F573DAE006EC50D /* Build configuration list for PBXNativeTarget "Save Phone NumberTests" */;
			buildPhases = (
				3AAB89BB1F573DAE006EC50D /* Sources */,
				3AAB89BC1F573DAE006EC50D /* Frameworks */,
				3AAB89BD1F573DAE006EC50D /* Resources */,
			);
			buildRules = (
			);
			dependencies = (
				3AAB89C11F573DAE006EC50D /* PBXTargetDependency */,
			);
			name = "Save Phone NumberTests";
			productName = "Save Phone NumberTests";
			productReference = 3AAB89BF1F573DAE006EC50D /* Save Phone NumberTests.xctest */;
			productType = "com.apple.product-type.bundle.unit-test";
		};
		3AAB89C91F573DAE006EC50D /* Save Phone NumberUITests */ = {
			isa = PBXNativeTarget;
			buildConfigurationList = 3AAB89D91F573DAE006EC50D /* Build configuration list for PBXNativeTarget "Save Phone NumberUITests" */;
			buildPhases = (
				3AAB89C61F573DAE006EC50D /* Sources */,
				3AAB89C71F573DAE006EC50D /* Frameworks */,
				3AAB89C81F573DAE006EC50D /* Resources */,
			);
			buildRules = (
			);
			dependencies = (
				3AAB89CC1F573DAE006EC50D /* PBXTargetDependency */,
			);
			name = "Save Phone NumberUITests";
			productName = "Save Phone NumberUITests";
			productReference = 3AAB89CA1F573DAE006EC50D /* Save Phone NumberUITests.xctest */;
			productType = "com.apple.product-type.bundle.ui-testing";
		};
/* End PBXNativeTarget section */

/* Begin PBXProject section */
		3AAB89A31F573DAE006EC50D /* Project object */ = {
			isa = PBXProject;
			attributes = {
				LastSwiftUpdateCheck = 0900;
				LastUpgradeCheck = 0900;
				ORGANIZATIONNAME = "Cory Dorning";
				TargetAttributes = {
					3AAB89AA1F573DAE006EC50D = {
						CreatedOnToolsVersion = 9.0;
						ProvisioningStyle = Automatic;
					};
					3AAB89BE1F573DAE006EC50D = {
						CreatedOnToolsVersion = 9.0;
						ProvisioningStyle = Automatic;
						TestTargetID = 3AAB89AA1F573DAE006EC50D;
					};
					3AAB89C91F573DAE006EC50D = {
						CreatedOnToolsVersion = 9.0;
						ProvisioningStyle = Automatic;
						TestTargetID = 3AAB89AA1F573DAE006EC50D;
					};
				};
			};
			buildConfigurationList = 3AAB89A61F573DAE006EC50D /* Build configuration list for PBXProject "Save Phone Number" */;
			compatibilityVersion = "Xcode 8.0";
			developmentRegion = en;
			hasScannedForEncodings = 0;
			knownRegions = (
				en,
				Base,
			);
			mainGroup = 3AAB89A21F573DAE006EC50D;
			productRefGroup = 3AAB89AC1F573DAE006EC50D /* Products */;
			projectDirPath = "";
			projectRoot = "";
			targets = (
				3AAB89AA1F573DAE006EC50D /* Save Phone Number */,
				3AAB89BE1F573DAE006EC50D /* Save Phone NumberTests */,
				3AAB89C91F573DAE006EC50D /* Save Phone NumberUITests */,
			);
		};
/* End PBXProject section */

/* Begin PBXResourcesBuildPhase section */
		3AAB89A91F573DAE006EC50D /* Resources */ = {
			isa = PBXResourcesBuildPhase;
			buildActionMask = 2147483647;
			files = (
				3AAB89B91F573DAE006EC50D /* LaunchScreen.storyboard in Resources */,
				3AAB89B61F573DAE006EC50D /* Assets.xcassets in Resources */,
				3AAB89B41F573DAE006EC50D /* Main.storyboard in Resources */,
			);
			runOnlyForDeploymentPostprocessing = 0;
		};
		3AAB89BD1F573DAE006EC50D /* Resources */ = {
			isa = PBXResourcesBuildPhase;
			buildActionMask = 2147483647;
			files = (
			);
			runOnlyForDeploymentPostprocessing = 0;
		};
		3AAB89C81F573DAE006EC50D /* Resources */ = {
			isa = PBXResourcesBuildPhase;
			buildActionMask = 2147483647;
			files = (
			);
			runOnlyForDeploymentPostprocessing = 0;
		};
/* End PBXResourcesBuildPhase section */

/* Begin PBXSourcesBuildPhase section */
		3AAB89A71F573DAE006EC50D /* Sources */ = {
			isa = PBXSourcesBuildPhase;
			buildActionMask = 2147483647;
			files = (
				3AAB89B11F573DAE006EC50D /* ViewController.swift in Sources */,
				3AAB89AF1F573DAE006EC50D /* AppDelegate.swift in Sources */,
			);
			runOnlyForDeploymentPostprocessing = 0;
		};
		3AAB89BB1F573DAE006EC50D /* Sources */ = {
			isa = PBXSourcesBuildPhase;
			buildActionMask = 2147483647;
			files = (
				3AAB89C41F573DAE006EC50D /* Save_Phone_NumberTests.swift in Sources */,
			);
			runOnlyForDeploymentPostprocessing = 0;
		};
		3AAB89C61F573DAE006EC50D /* Sources */ = {
			isa = PBXSourcesBuildPhase;
			buildActionMask = 2147483647;
			files = (
				3AAB89CF1F573DAE006EC50D /* Save_Phone_NumberUITests.swift in Sources */,
			);
			runOnlyForDeploymentPostprocessing = 0;
		};
/* End PBXSourcesBuildPhase section */

/* Begin PBXTargetDependency section */
		3AAB89C11F573DAE006EC50D /* PBXTargetDependency */ = {
			isa = PBXTargetDependency;
			target = 3AAB89AA1F573DAE006EC50D /* Save Phone Number */;
			targetProxy = 3AAB89C01F573DAE006EC50D /* PBXContainerItemProxy */;
		};
		3AAB89CC1F573DAE006EC50D /* PBXTargetDependency */ = {
			isa = PBXTargetDependency;
			target = 3AAB89AA1F573DAE006EC50D /* Save Phone Number */;
			targetProxy = 3AAB89CB1F573DAE006EC50D /* PBXContainerItemProxy */;
		};
/* End PBXTargetDependency section */

/* Begin PBXVariantGroup section */
		3AAB89B21F573DAE006EC50D /* Main.storyboard */ = {
			isa = PBXVariantGroup;
			children = (
				3AAB89B31F573DAE006EC50D /* Base */,
			);
			name = Main.storyboard;
			sourceTree = "<group>";
		};
		3AAB89B71F573DAE006EC50D /* LaunchScreen.storyboard */ = {
			isa = PBXVariantGroup;
			children = (
				3AAB89B81F573DAE006EC50D /* Base */,
			);
			name = LaunchScreen.storyboard;
			sourceTree = "<group>";
		};
/* End PBXVariantGroup section */

/* Begin XCBuildConfiguration section */
		3AAB89D11F573DAE006EC50D /* Debug */ = {
			isa = XCBuildConfiguration;
			buildSettings = {
				ALWAYS_SEARCH_USER_PATHS = NO;
				CLANG_ANALYZER_NONNULL = YES;
				CLANG_ANALYZER_NUMBER_OBJECT_CONVERSION = YES_AGGRESSIVE;
				CLANG_CXX_LANGUAGE_STANDARD = "gnu++14";
				CLANG_CXX_LIBRARY = "libc++";
				CLANG_ENABLE_MODULES = YES;
				CLANG_ENABLE_OBJC_ARC = YES;
				CLANG_WARN_BLOCK_CAPTURE_AUTORELEASING = YES;
				CLANG_WARN_BOOL_CONVERSION = YES;
				CLANG_WARN_COMMA = YES;
				CLANG_WARN_CONSTANT_CONVERSION = YES;
				CLANG_WARN_DIRECT_OBJC_ISA_USAGE = YES_ERROR;
				CLANG_WARN_DOCUMENTATION_COMMENTS = YES;
				CLANG_WARN_EMPTY_BODY = YES;
				CLANG_WARN_ENUM_CONVERSION = YES;
				CLANG_WARN_INFINITE_RECURSION = YES;
				CLANG_WARN_INT_CONVERSION = YES;
				CLANG_WARN_NON_LITERAL_NULL_CONVERSION = YES;
				CLANG_WARN_OBJC_LITERAL_CONVERSION = YES;
				CLANG_WARN_OBJC_ROOT_CLASS = YES_ERROR;
				CLANG_WARN_RANGE_LOOP_ANALYSIS = YES;
				CLANG_WARN_STRICT_PROTOTYPES = YES;
				CLANG_WARN_SUSPICIOUS_MOVE = YES;
				CLANG_WARN_UNGUARDED_AVAILABILITY = YES_AGGRESSIVE;
				CLANG_WARN_UNREACHABLE_CODE = YES;
				CLANG_WARN__DUPLICATE_METHOD_MATCH = YES;
				CODE_SIGN_IDENTITY = "iPhone Developer";
				COPY_PHASE_STRIP = NO;
				DEBUG_INFORMATION_FORMAT = dwarf;
				ENABLE_STRICT_OBJC_MSGSEND = YES;
				ENABLE_TESTABILITY = YES;
				GCC_C_LANGUAGE_STANDARD = gnu11;
				GCC_DYNAMIC_NO_PIC = NO;
				GCC_NO_COMMON_BLOCKS = YES;
				GCC_OPTIMIZATION_LEVEL = 0;
				GCC_PREPROCESSOR_DEFINITIONS = (
					"DEBUG=1",
					"$(inherited)",
				);
				GCC_WARN_64_TO_32_BIT_CONVERSION = YES;
				GCC_WARN_ABOUT_RETURN_TYPE = YES_ERROR;
				GCC_WARN_UNDECLARED_SELECTOR = YES;
				GCC_WARN_UNINITIALIZED_AUTOS = YES_AGGRESSIVE;
				GCC_WARN_UNUSED_FUNCTION = YES;
				GCC_WARN_UNUSED_VARIABLE = YES;
				IPHONEOS_DEPLOYMENT_TARGET = 11.0;
				MTL_ENABLE_DEBUG_INFO = YES;
				ONLY_ACTIVE_ARCH = YES;
				SDKROOT = iphoneos;
				SWIFT_ACTIVE_COMPILATION_CONDITIONS = DEBUG;
				SWIFT_OPTIMIZATION_LEVEL = "-Onone";
			};
			name = Debug;
		};
		3AAB89D21F573DAE006EC50D /* Release */ = {
			isa = XCBuildConfiguration;
			buildSettings = {
				ALWAYS_SEARCH_USER_PATHS = NO;
				CLANG_ANALYZER_NONNULL = YES;
				CLANG_ANALYZER_NUMBER_OBJECT_CONVERSION = YES_AGGRESSIVE;
				CLANG_CXX_LANGUAGE_STANDARD = "gnu++14";
				CLANG_CXX_LIBRARY = "libc++";
				CLANG_ENABLE_MODULES = YES;
				CLANG_ENABLE_OBJC_ARC = YES;
				CLANG_WARN_BLOCK_CAPTURE_AUTORELEASING = YES;
				CLANG_WARN_BOOL_CONVERSION = YES;
				CLANG_WARN_COMMA = YES;
				CLANG_WARN_CONSTANT_CONVERSION = YES;
				CLANG_WARN_DIRECT_OBJC_ISA_USAGE = YES_ERROR;
				CLANG_WARN_DOCUMENTATION_COMMENTS = YES;
				CLANG_WARN_EMPTY_BODY = YES;
				CLANG_WARN_ENUM_CONVERSION = YES;
				CLANG_WARN_INFINITE_RECURSION = YES;
				CLANG_WARN_INT_CONVERSION = YES;
				CLANG_WARN_NON_LITERAL_NULL_CONVERSION = YES;
				CLANG_WARN_OBJC_LITERAL_CONVERSION = YES;
				CLANG_WARN_OBJC_ROOT_CLASS = YES_ERROR;
				CLANG_WARN_RANGE_LOOP_ANALYSIS = YES;
				CLANG_WARN_STRICT_PROTOTYPES = YES;
				CLANG_WARN_SUSPICIOUS_MOVE = YES;
				CLANG_WARN_UNGUARDED_AVAILABILITY = YES_AGGRESSIVE;
				CLANG_WARN_UNREACHABLE_CODE = YES;
				CLANG_WARN__DUPLICATE_METHOD_MATCH = YES;
				CODE_SIGN_IDENTITY = "iPhone Developer";
				COPY_PHASE_STRIP = NO;
				DEBUG_INFORMATION_FORMAT = "dwarf-with-dsym";
				ENABLE_NS_ASSERTIONS = NO;
				ENABLE_STRICT_OBJC_MSGSEND = YES;
				GCC_C_LANGUAGE_STANDARD = gnu11;
				GCC_NO_COMMON_BLOCKS = YES;
				GCC_WARN_64_TO_32_BIT_CONVERSION = YES;
				GCC_WARN_ABOUT_RETURN_TYPE = YES_ERROR;
				GCC_WARN_UNDECLARED_SELECTOR = YES;
				GCC_WARN_UNINITIALIZED_AUTOS = YES_AGGRESSIVE;
				GCC_WARN_UNUSED_FUNCTION = YES;
				GCC_WARN_UNUSED_VARIABLE = YES;
				IPHONEOS_DEPLOYMENT_TARGET = 11.0;
				MTL_ENABLE_DEBUG_INFO = NO;
				SDKROOT = iphoneos;
				SWIFT_OPTIMIZATION_LEVEL = "-Owholemodule";
				VALIDATE_PRODUCT = YES;
			};
			name = Release;
		};
		3AAB89D41F573DAE006EC50D /* Debug */ = {
			isa = XCBuildConfiguration;
			buildSettings = {
				ASSETCATALOG_COMPILER_APPICON_NAME = AppIcon;
				CODE_SIGN_STYLE = Automatic;
				INFOPLIST_FILE = "Save Phone Number/Info.plist";
				LD_RUNPATH_SEARCH_PATHS = "$(inherited) @executable_path/Frameworks";
				PRODUCT_BUNDLE_IDENTIFIER = "me.dorning.Save-Phone-Number";
				PRODUCT_NAME = "$(TARGET_NAME)";
				SWIFT_VERSION = 4.0;
				TARGETED_DEVICE_FAMILY = "1,2";
			};
			name = Debug;
		};
		3AAB89D51F573DAE006EC50D /* Release */ = {
			isa = XCBuildConfiguration;
			buildSettings = {
				ASSETCATALOG_COMPILER_APPICON_NAME = AppIcon;
				CODE_SIGN_STYLE = Automatic;
				INFOPLIST_FILE = "Save Phone Number/Info.plist";
				LD_RUNPATH_SEARCH_PATHS = "$(inherited) @executable_path/Frameworks";
				PRODUCT_BUNDLE_IDENTIFIER = "me.dorning.Save-Phone-Number";
				PRODUCT_NAME = "$(TARGET_NAME)";
				SWIFT_VERSION = 4.0;
				TARGETED_DEVICE_FAMILY = "1,2";
			};
			name = Release;
		};
		3AAB89D71F573DAE006EC50D /* Debug */ = {
			isa = XCBuildConfiguration;
			buildSettings = {
				ALWAYS_EMBED_SWIFT_STANDARD_LIBRARIES = YES;
				BUNDLE_LOADER = "$(TEST_HOST)";
				CODE_SIGN_STYLE = Automatic;
				INFOPLIST_FILE = "Save Phone NumberTests/Info.plist";
				LD_RUNPATH_SEARCH_PATHS = "$(inherited) @executable_path/Frameworks @loader_path/Frameworks";
				PRODUCT_BUNDLE_IDENTIFIER = "me.dorning.Save-Phone-NumberTests";
				PRODUCT_NAME = "$(TARGET_NAME)";
				SWIFT_VERSION = 4.0;
				TARGETED_DEVICE_FAMILY = "1,2";
				TEST_HOST = "$(BUILT_PRODUCTS_DIR)/Save Phone Number.app/Save Phone Number";
			};
			name = Debug;
		};
		3AAB89D81F573DAE006EC50D /* Release */ = {
			isa = XCBuildConfiguration;
			buildSettings = {
				ALWAYS_EMBED_SWIFT_STANDARD_LIBRARIES = YES;
				BUNDLE_LOADER = "$(TEST_HOST)";
				CODE_SIGN_STYLE = Automatic;
				INFOPLIST_FILE = "Save Phone NumberTests/Info.plist";
				LD_RUNPATH_SEARCH_PATHS = "$(inherited) @executable_path/Frameworks @loader_path/Frameworks";
				PRODUCT_BUNDLE_IDENTIFIER = "me.dorning.Save-Phone-NumberTests";
				PRODUCT_NAME = "$(TARGET_NAME)";
				SWIFT_VERSION = 4.0;
				TARGETED_DEVICE_FAMILY = "1,2";
				TEST_HOST = "$(BUILT_PRODUCTS_DIR)/Save Phone Number.app/Save Phone Number";
			};
			name = Release;
		};
		3AAB89DA1F573DAE006EC50D /* Debug */ = {
			isa = XCBuildConfiguration;
			buildSettings = {
				ALWAYS_EMBED_SWIFT_STANDARD_LIBRARIES = YES;
				CODE_SIGN_STYLE = Automatic;
				INFOPLIST_FILE = "Save Phone NumberUITests/Info.plist";
				LD_RUNPATH_SEARCH_PATHS = "$(inherited) @executable_path/Frameworks @loader_path/Frameworks";
				PRODUCT_BUNDLE_IDENTIFIER = "me.dorning.Save-Phone-NumberUITests";
				PRODUCT_NAME = "$(TARGET_NAME)";
				SWIFT_VERSION = 4.0;
				TARGETED_DEVICE_FAMILY = "1,2";
				TEST_TARGET_NAME = "Save Phone Number";
			};
			name = Debug;
		};
		3AAB89DB1F573DAE006EC50D /* Release */ = {
			isa = XCBuildConfiguration;
			buildSettings = {
				ALWAYS_EMBED_SWIFT_STANDARD_LIBRARIES = YES;
				CODE_SIGN_STYLE = Automatic;
				INFOPLIST_FILE = "Save Phone NumberUITests/Info.plist";
				LD_RUNPATH_SEARCH_PATHS = "$(inherited) @executable_path/Frameworks @loader_path/Frameworks";
				PRODUCT_BUNDLE_IDENTIFIER = "me.dorning.Save-Phone-NumberUITests";
				PRODUCT_NAME = "$(TARGET_NAME)";
				SWIFT_VERSION = 4.0;
				TARGETED_DEVICE_FAMILY = "1,2";
				TEST_TARGET_NAME = "Save Phone Number";
			};
			name = Release;
		};
/* End XCBuildConfiguration section */

/* Begin XCConfigurationList section */
		3AAB89A61F573DAE006EC50D /* Build configuration list for PBXProject "Save Phone Number" */ = {
			isa = XCConfigurationList;
			buildConfigurations = (
				3AAB89D11F573DAE006EC50D /* Debug */,
				3AAB89D21F573DAE006EC50D /* Release */,
			);
			defaultConfigurationIsVisible = 0;
			defaultConfigurationName = Release;
		};
		3AAB89D31F573DAE006EC50D /* Build configuration list for PBXNativeTarget "Save Phone Number" */ = {
			isa = XCConfigurationList;
			buildConfigurations = (
				3AAB89D41F573DAE006EC50D /* Debug */,
				3AAB89D51F573DAE006EC50D /* Release */,
			);
			defaultConfigurationIsVisible = 0;
			defaultConfigurationName = Release;
		};
		3AAB89D61F573DAE006EC50D /* Build configuration list for PBXNativeTarget "Save Phone NumberTests" */ = {
			isa = XCConfigurationList;
			buildConfigurations = (
				3AAB89D71F573DAE006EC50D /* Debug */,
				3AAB89D81F573DAE006EC50D /* Release */,
			);
			defaultConfigurationIsVisible = 0;
			defaultConfigurationName = Release;
		};
		3AAB89D91F573DAE006EC50D /* Build configuration list for PBXNativeTarget "Save Phone NumberUITests" */ = {
			isa = XCConfigurationList;
			buildConfigurations = (
				3AAB89DA1F573DAE006EC50D /* Debug */,
				3AAB89DB1F573DAE006EC50D /* Release */,
			);
			defaultConfigurationIsVisible = 0;
			defaultConfigurationName = Release;
		};
/* End XCConfigurationList section */
	};
	rootObject = 3AAB89A31F573DAE006EC50D /* Project object */;
}
